
Microsoft Visual Studio Solution File, Format Version 12.00
Project("{FAE04EC0-301F-11D3-BF4B-00C04F79EFBC}") = "tesfforminputc", "tesfforminputc\tesfforminputc.csproj", "{EE2FA554-4FB9-4625-A2B5-ED8A1C384EEA}"
EndProject
Global
	GlobalSection(SolutionConfigurationPlatforms) = preSolution
		Debug|Any CPU = Debug|Any CPU
		Release|Any CPU = Release|Any CPU
	EndGlobalSection
	GlobalSection(ProjectConfigurationPlatforms) = postSolution
		{EE2FA554-4FB9-4625-A2B5-ED8A1C384EEA}.Debug|Any CPU.ActiveCfg = Debug|Any CPU
		{EE2FA554-4FB9-4625-A2B5-ED8A1C384EEA}.Debug|Any CPU.Build.0 = Debug|Any CPU
		{EE2FA554-4FB9-4625-A2B5-ED8A1C384EEA}.Release|Any CPU.ActiveCfg = Release|Any CPU
		{EE2FA554-4FB9-4625-A2B5-ED8A1C384EEA}.Release|Any CPU.Build.0 = Release|Any CPU
	EndGlobalSection
EndGlobal
